# THIS IS AN AUTOGENERATED FILE. DO NOT EDIT THIS FILE DIRECTLY.
# yarn lockfile v1


"@azarc/sdk@^1.0.1-beta.12":
  version "1.0.1-beta.12"
  resolved "https://npm-339769592432.d.codeartifact.eu-west-2.amazonaws.com/npm/npm-store/@azarc/sdk/-/sdk-1.0.1-beta.12.tgz#75dc88792c178909afa0b933c86104c13e885a0c"
  integrity sha512-U9XT5Am++nLSS4QqJAxv92A+G0dfwfTfQmrnEWuR0kcSE29EZgL69sU1CRteHWb5S7cjMYzyo0tPrMTt02q/JQ==
  dependencies:
    tslib "^2.3.0"

tslib@^2.3.0:
  version "2.6.2"
  resolved "https://npm-339769592432.d.codeartifact.eu-west-2.amazonaws.com/npm/npm-store/tslib/-/tslib-2.6.2.tgz#703ac29425e7b37cd6fd456e92404d46d1f3e4ae"
  integrity sha512-AEYxH93jGFPn/a2iVAwW87VuUIkR1FVUKB77NwMF7nBTDkDrrT/Hpt/IrCJ0QXhW27jTBDcf5ZY7w6RiqTMw2Q==
